github.com/yuelinxing/gateio v0.0.0-20220527185134-b9487c11563b h1:zbVCj++/XBCuJ9iAc/j6YK8Zlb8evZ4oVr7XGYwSbHM=
github.com/yuelinxing/gateio v0.0.0-20220527185134-b9487c11563b/go.mod h1:9dP7sJ9KvXxmFB7GPH1/KeD2mXeR6ieTufxc5GCVurQ=
github.com/yuelinxing/gateio/greetings v0.0.0-20220527185134-b9487c11563b h1:qzrWUUElSOD1lxGlNEr6ykdIYW211nrEjKV8hio7e1Q=
github.com/yuelinxing/gateio/greetings v0.0.0-20220527185134-b9487c11563b/go.mod h1:Mh+KwpqIkg6N1qzI52D1bsfE36XweIQQqjHW/dUFhdg=
